Microsoft Visual Studio Solution File, Format Version 11.00
# Visual Studio 2010
Project("{FAE04EC0-301F-11D3-BF4B-00C04F79EFBC}") = "TestSudokuModel", "TestSudoku\TestSudokuModel.csproj", "{A6468A71-9A76-49F6-8FE7-4B96021E843E}"
EndProject
Project("{FAE04EC0-301F-11D3-BF4B-00C04F79EFBC}") = "SudokuModel", "SudokuModel\SudokuModel.csproj", "{A229432D-26AD-469E-93F5-486DB1D90466}"
EndProject
Project("{FAE04EC0-301F-11D3-BF4B-00C04F79EFBC}") = "SudokuFront", "SudokuFront\SudokuFront.csproj", "{0070A5E5-6055-428C-8943-6EE1A8233B08}"
EndProject
Global
	GlobalSection(SolutionConfigurationPlatforms) = preSolution
		Debug|Any CPU = Debug|Any CPU
		Release|Any CPU = Release|Any CPU
	EndGlobalSection
	GlobalSection(ProjectConfigurationPlatforms) = postSolution
		{A6468A71-9A76-49F6-8FE7-4B96021E843E}.Debug|Any CPU.ActiveCfg = Debug|Any CPU
		{A6468A71-9A76-49F6-8FE7-4B96021E843E}.Debug|Any CPU.Build.0 = Debug|Any CPU
		{A6468A71-9A76-49F6-8FE7-4B96021E843E}.Release|Any CPU.ActiveCfg = Release|Any CPU
		{A6468A71-9A76-49F6-8FE7-4B96021E843E}.Release|Any CPU.Build.0 = Release|Any CPU
		{A229432D-26AD-469E-93F5-486DB1D90466}.Debug|Any CPU.ActiveCfg = Debug|Any CPU
		{A229432D-26AD-469E-93F5-486DB1D90466}.Debug|Any CPU.Build.0 = Debug|Any CPU
		{A229432D-26AD-469E-93F5-486DB1D90466}.Release|Any CPU.ActiveCfg = Release|Any CPU
		{A229432D-26AD-469E-93F5-486DB1D90466}.Release|Any CPU.Build.0 = Release|Any CPU
		{0070A5E5-6055-428C-8943-6EE1A8233B08}.Debug|Any CPU.ActiveCfg = Debug|Any CPU
		{0070A5E5-6055-428C-8943-6EE1A8233B08}.Debug|Any CPU.Build.0 = Debug|Any CPU
		{0070A5E5-6055-428C-8943-6EE1A8233B08}.Release|Any CPU.ActiveCfg = Release|Any CPU
		{0070A5E5-6055-428C-8943-6EE1A8233B08}.Release|Any CPU.Build.0 = Release|Any CPU
	EndGlobalSection
	GlobalSection(SolutionProperties) = preSolution
		HideSolutionNode = FALSE
	EndGlobalSection
EndGlobal
